
Microsoft Visual Studio Solution File, Format Version 12.00
# Visual Studio Version 16
VisualStudioVersion = 16.0.31402.337
MinimumVisualStudioVersion = 10.0.40219.1
Project("{9A19103F-16F7-4668-BE54-9A1E7A4F7556}") = "CalendarProj", "CalendarProj\CalendarProj.csproj", "{EA23726F-C469-4926-B6CF-0ADA255EA55F}"
EndProject
Project("{9A19103F-16F7-4668-BE54-9A1E7A4F7556}") = "CalendarProj.BL", "BL\CalendarProj.BL.csproj", "{55183BAB-71F7-4F6A-8268-297EF0D44725}"
EndProject
Project("{FAE04EC0-301F-11D3-BF4B-00C04F79EFBC}") = "CalendarProj.DAO", "CalendarProj.DAO\CalendarProj.DAO.csproj", "{F253B146-C2C3-418F-9D04-B792AD05870A}"
EndProject
Global
	GlobalSection(SolutionConfigurationPlatforms) = preSolution
		Debug|Any CPU = Debug|Any CPU
		Release|Any CPU = Release|Any CPU
	EndGlobalSection
	GlobalSection(ProjectConfigurationPlatforms) = postSolution
		{EA23726F-C469-4926-B6CF-0ADA255EA55F}.Debug|Any CPU.ActiveCfg = Debug|Any CPU
		{EA23726F-C469-4926-B6CF-0ADA255EA55F}.Debug|Any CPU.Build.0 = Debug|Any CPU
		{EA23726F-C469-4926-B6CF-0ADA255EA55F}.Release|Any CPU.ActiveCfg = Release|Any CPU
		{EA23726F-C469-4926-B6CF-0ADA255EA55F}.Release|Any CPU.Build.0 = Release|Any CPU
		{55183BAB-71F7-4F6A-8268-297EF0D44725}.Debug|Any CPU.ActiveCfg = Debug|Any CPU
		{55183BAB-71F7-4F6A-8268-297EF0D44725}.Debug|Any CPU.Build.0 = Debug|Any CPU
		{55183BAB-71F7-4F6A-8268-297EF0D44725}.Release|Any CPU.ActiveCfg = Release|Any CPU
		{55183BAB-71F7-4F6A-8268-297EF0D44725}.Release|Any CPU.Build.0 = Release|Any CPU
		{F253B146-C2C3-418F-9D04-B792AD05870A}.Debug|Any CPU.ActiveCfg = Debug|Any CPU
		{F253B146-C2C3-418F-9D04-B792AD05870A}.Debug|Any CPU.Build.0 = Debug|Any CPU
		{F253B146-C2C3-418F-9D04-B792AD05870A}.Release|Any CPU.ActiveCfg = Release|Any CPU
		{F253B146-C2C3-418F-9D04-B792AD05870A}.Release|Any CPU.Build.0 = Release|Any CPU
	EndGlobalSection
	GlobalSection(SolutionProperties) = preSolution
		HideSolutionNode = FALSE
	EndGlobalSection
	GlobalSection(ExtensibilityGlobals) = postSolution
		SolutionGuid = {B0CC9A7E-CB9D-467F-91FF-A0BCDCA9975A}
	EndGlobalSection
EndGlobal
